// !$*UTF8*$!
{
	archiveVersion = 1;
	classes = {
	};
	objectVersion = 50;
	objects = {

/* Begin PBXBuildFile section */
		9B1399512476817800EB1916 /* UIColor+toHex.swift in Sources */ = {isa = PBXBuildFile; fileRef = 9B1399502476817800EB1916 /* UIColor+toHex.swift */; };
		9B14D790248E42AA004B2C0F /* MyPalettesTableViewController+delegate.swift in Sources */ = {isa = PBXBuildFile; fileRef = 9B14D78F248E42AA004B2C0F /* MyPalettesTableViewController+delegate.swift */; };
		9B14D792248E43C0004B2C0F /* MyPalettes.swift in Sources */ = {isa = PBXBuildFile; fileRef = 9B14D791248E43C0004B2C0F /* MyPalettes.swift */; };
		9B14D794248E44C9004B2C0F /* PaletteTableViewController+dataSource.swift in Sources */ = {isa = PBXBuildFile; fileRef = 9B14D793248E44C9004B2C0F /* PaletteTableViewController+dataSource.swift */; };
		9B14D796248E44D4004B2C0F /* PaletteTableViewController+delegate.swift in Sources */ = {isa = PBXBuildFile; fileRef = 9B14D795248E44D4004B2C0F /* PaletteTableViewController+delegate.swift */; };
		9B14D798248E4680004B2C0F /* CreateEmptyPaletteViewController.swift in Sources */ = {isa = PBXBuildFile; fileRef = 9B14D797248E4680004B2C0F /* CreateEmptyPaletteViewController.swift */; };
		9B14D79A248E4696004B2C0F /* CreateEmptyPaletteInterface.swift in Sources */ = {isa = PBXBuildFile; fileRef = 9B14D799248E4696004B2C0F /* CreateEmptyPaletteInterface.swift */; };
		9B2EE0A2248904CF0072955C /* UIColor+toHsb.swift in Sources */ = {isa = PBXBuildFile; fileRef = 9B2EE0A1248904CF0072955C /* UIColor+toHsb.swift */; };
		9B4307FE247D48B6000C29E2 /* UIColor+toHue.swift in Sources */ = {isa = PBXBuildFile; fileRef = 9B4307FD247D48B6000C29E2 /* UIColor+toHue.swift */; };
		9B430800247D7A03000C29E2 /* UIColor+toCmyk.swift in Sources */ = {isa = PBXBuildFile; fileRef = 9B4307FF247D7A03000C29E2 /* UIColor+toCmyk.swift */; };
		9B501C4E248670EF006C82D6 /* Palette.swift in Sources */ = {isa = PBXBuildFile; fileRef = 9B501C4D248670EF006C82D6 /* Palette.swift */; };
		9B501C5024867517006C82D6 /* MyPalettesTableViewController+dataSource.swift in Sources */ = {isa = PBXBuildFile; fileRef = 9B501C4F24867517006C82D6 /* MyPalettesTableViewController+dataSource.swift */; };
		9B5E835D247FC22A006F8115 /* ColorEditorInterface.swift in Sources */ = {isa = PBXBuildFile; fileRef = 9B5E835C247FC22A006F8115 /* ColorEditorInterface.swift */; };
		9B5E835F247FC25D006F8115 /* UIView+anchor.swift in Sources */ = {isa = PBXBuildFile; fileRef = 9B5E835E247FC25D006F8115 /* UIView+anchor.swift */; };
		9B5E8361247FC36D006F8115 /* ColorEditorViewController.swift in Sources */ = {isa = PBXBuildFile; fileRef = 9B5E8360247FC36D006F8115 /* ColorEditorViewController.swift */; };
		9B5E8365247FDC59006F8115 /* MainMenuInterface.swift in Sources */ = {isa = PBXBuildFile; fileRef = 9B5E8364247FDC59006F8115 /* MainMenuInterface.swift */; };
		9B5E8367247FDD81006F8115 /* MainMenuViewController.swift in Sources */ = {isa = PBXBuildFile; fileRef = 9B5E8366247FDD81006F8115 /* MainMenuViewController.swift */; };
		9B729C002481037C00DEE24E /* UIColor+randomColor.swift in Sources */ = {isa = PBXBuildFile; fileRef = 9B729BFF2481037C00DEE24E /* UIColor+randomColor.swift */; };
		9B729C022481099C00DEE24E /* UIColor+makeTextVisible.swift in Sources */ = {isa = PBXBuildFile; fileRef = 9B729C012481099C00DEE24E /* UIColor+makeTextVisible.swift */; };
		9B784284248F94B20084E6EC /* DateObtainer.swift in Sources */ = {isa = PBXBuildFile; fileRef = 9B784283248F94B20084E6EC /* DateObtainer.swift */; };
		9B7C74B2248E616200151185 /* CreateEmptyPaletteDelegate.swift in Sources */ = {isa = PBXBuildFile; fileRef = 9B7C74B1248E616200151185 /* CreateEmptyPaletteDelegate.swift */; };
		9B7C74B4248EA09000151185 /* AddColorDelegate.swift in Sources */ = {isa = PBXBuildFile; fileRef = 9B7C74B3248EA09000151185 /* AddColorDelegate.swift */; };
		9B81AB1324863AAE007746F5 /* MyPalettesTableViewController.swift in Sources */ = {isa = PBXBuildFile; fileRef = 9B81AB1224863AAE007746F5 /* MyPalettesTableViewController.swift */; };
		9B81AB1724863B6E007746F5 /* MyPalleteCell.swift in Sources */ = {isa = PBXBuildFile; fileRef = 9B81AB1624863B6E007746F5 /* MyPalleteCell.swift */; };
		9BD13E3A2487C1F40077428A /* ColorSettings.swift in Sources */ = {isa = PBXBuildFile; fileRef = 9BD13E392487C1F40077428A /* ColorSettings.swift */; };
		9BD6088924752C170031D0F5 /* AppDelegate.swift in Sources */ = {isa = PBXBuildFile; fileRef = 9BD6088824752C170031D0F5 /* AppDelegate.swift */; };
		9BD6088B24752C170031D0F5 /* SceneDelegate.swift in Sources */ = {isa = PBXBuildFile; fileRef = 9BD6088A24752C170031D0F5 /* SceneDelegate.swift */; };
		9BD6089224752C170031D0F5 /* Assets.xcassets in Resources */ = {isa = PBXBuildFile; fileRef = 9BD6089124752C170031D0F5 /* Assets.xcassets */; };
		9BD6089524752C170031D0F5 /* LaunchScreen.storyboard in Resources */ = {isa = PBXBuildFile; fileRef = 9BD6089324752C170031D0F5 /* LaunchScreen.storyboard */; };
		9BF0C092247E3C4500B699B8 /* UIColor+toRgb.swift in Sources */ = {isa = PBXBuildFile; fileRef = 9BF0C091247E3C4500B699B8 /* UIColor+toRgb.swift */; };
		9BF0C096247E5F4600B699B8 /* PaletteTableViewController.swift in Sources */ = {isa = PBXBuildFile; fileRef = 9BF0C095247E5F4600B699B8 /* PaletteTableViewController.swift */; };
/* End PBXBuildFile section */

/* Begin PBXFileReference section */
		9B1399502476817800EB1916 /* UIColor+toHex.swift */ = {isa = PBXFileReference; lastKnownFileType = sourcecode.swift; path = "UIColor+toHex.swift"; sourceTree = "<group>"; };
		9B14D78F248E42AA004B2C0F /* MyPalettesTableViewController+delegate.swift */ = {isa = PBXFileReference; lastKnownFileType = sourcecode.swift; path = "MyPalettesTableViewController+delegate.swift"; sourceTree = "<group>"; };
		9B14D791248E43C0004B2C0F /* MyPalettes.swift */ = {isa = PBXFileReference; lastKnownFileType = sourcecode.swift; path = MyPalettes.swift; sourceTree = "<group>"; };
		9B14D793248E44C9004B2C0F /* PaletteTableViewController+dataSource.swift */ = {isa = PBXFileReference; lastKnownFileType = sourcecode.swift; path = "PaletteTableViewController+dataSource.swift"; sourceTree = "<group>"; };
		9B14D795248E44D4004B2C0F /* PaletteTableViewController+delegate.swift */ = {isa = PBXFileReference; lastKnownFileType = sourcecode.swift; path = "PaletteTableViewController+delegate.swift"; sourceTree = "<group>"; };
		9B14D797248E4680004B2C0F /* CreateEmptyPaletteViewController.swift */ = {isa = PBXFileReference; lastKnownFileType = sourcecode.swift; path = CreateEmptyPaletteViewController.swift; sourceTree = "<group>"; };
		9B14D799248E4696004B2C0F /* CreateEmptyPaletteInterface.swift */ = {isa = PBXFileReference; lastKnownFileType = sourcecode.swift; path = CreateEmptyPaletteInterface.swift; sourceTree = "<group>"; };
		9B2EE0A1248904CF0072955C /* UIColor+toHsb.swift */ = {isa = PBXFileReference; lastKnownFileType = sourcecode.swift; path = "UIColor+toHsb.swift"; sourceTree = "<group>"; };
		9B4307FD247D48B6000C29E2 /* UIColor+toHue.swift */ = {isa = PBXFileReference; lastKnownFileType = sourcecode.swift; path = "UIColor+toHue.swift"; sourceTree = "<group>"; };
		9B4307FF247D7A03000C29E2 /* UIColor+toCmyk.swift */ = {isa = PBXFileReference; lastKnownFileType = sourcecode.swift; path = "UIColor+toCmyk.swift"; sourceTree = "<group>"; };
		9B501C4D248670EF006C82D6 /* Palette.swift */ = {isa = PBXFileReference; lastKnownFileType = sourcecode.swift; path = Palette.swift; sourceTree = "<group>"; };
		9B501C4F24867517006C82D6 /* MyPalettesTableViewController+dataSource.swift */ = {isa = PBXFileReference; lastKnownFileType = sourcecode.swift; path = "MyPalettesTableViewController+dataSource.swift"; sourceTree = "<group>"; };
		9B5E835C247FC22A006F8115 /* ColorEditorInterface.swift */ = {isa = PBXFileReference; lastKnownFileType = sourcecode.swift; path = ColorEditorInterface.swift; sourceTree = "<group>"; };
		9B5E835E247FC25D006F8115 /* UIView+anchor.swift */ = {isa = PBXFileReference; lastKnownFileType = sourcecode.swift; path = "UIView+anchor.swift"; sourceTree = "<group>"; };
		9B5E8360247FC36D006F8115 /* ColorEditorViewController.swift */ = {isa = PBXFileReference; lastKnownFileType = sourcecode.swift; path = ColorEditorViewController.swift; sourceTree = "<group>"; };
		9B5E8364247FDC59006F8115 /* MainMenuInterface.swift */ = {isa = PBXFileReference; lastKnownFileType = sourcecode.swift; path = MainMenuInterface.swift; sourceTree = "<group>"; };
		9B5E8366247FDD81006F8115 /* MainMenuViewController.swift */ = {isa = PBXFileReference; lastKnownFileType = sourcecode.swift; path = MainMenuViewController.swift; sourceTree = "<group>"; };
		9B729BFF2481037C00DEE24E /* UIColor+randomColor.swift */ = {isa = PBXFileReference; lastKnownFileType = sourcecode.swift; path = "UIColor+randomColor.swift"; sourceTree = "<group>"; };
		9B729C012481099C00DEE24E /* UIColor+makeTextVisible.swift */ = {isa = PBXFileReference; lastKnownFileType = sourcecode.swift; path = "UIColor+makeTextVisible.swift"; sourceTree = "<group>"; };
		9B784283248F94B20084E6EC /* DateObtainer.swift */ = {isa = PBXFileReference; lastKnownFileType = sourcecode.swift; path = DateObtainer.swift; sourceTree = "<group>"; };
		9B7C74B1248E616200151185 /* CreateEmptyPaletteDelegate.swift */ = {isa = PBXFileReference; lastKnownFileType = sourcecode.swift; path = CreateEmptyPaletteDelegate.swift; sourceTree = "<group>"; };
		9B7C74B3248EA09000151185 /* AddColorDelegate.swift */ = {isa = PBXFileReference; lastKnownFileType = sourcecode.swift; path = AddColorDelegate.swift; sourceTree = "<group>"; };
		9B81AB1224863AAE007746F5 /* MyPalettesTableViewController.swift */ = {isa = PBXFileReference; lastKnownFileType = sourcecode.swift; path = MyPalettesTableViewController.swift; sourceTree = "<group>"; };
		9B81AB1624863B6E007746F5 /* MyPalleteCell.swift */ = {isa = PBXFileReference; lastKnownFileType = sourcecode.swift; path = MyPalleteCell.swift; sourceTree = "<group>"; };
		9BD13E392487C1F40077428A /* ColorSettings.swift */ = {isa = PBXFileReference; lastKnownFileType = sourcecode.swift; path = ColorSettings.swift; sourceTree = "<group>"; };
		9BD6088524752C170031D0F5 /* Pickolor.app */ = {isa = PBXFileReference; explicitFileType = wrapper.application; includeInIndex = 0; path = Pickolor.app; sourceTree = BUILT_PRODUCTS_DIR; };
		9BD6088824752C170031D0F5 /* AppDelegate.swift */ = {isa = PBXFileReference; lastKnownFileType = sourcecode.swift; path = AppDelegate.swift; sourceTree = "<group>"; };
		9BD6088A24752C170031D0F5 /* SceneDelegate.swift */ = {isa = PBXFileReference; lastKnownFileType = sourcecode.swift; path = SceneDelegate.swift; sourceTree = "<group>"; };
		9BD6089124752C170031D0F5 /* Assets.xcassets */ = {isa = PBXFileReference; lastKnownFileType = folder.assetcatalog; path = Assets.xcassets; sourceTree = "<group>"; };
		9BD6089424752C170031D0F5 /* Base */ = {isa = PBXFileReference; lastKnownFileType = file.storyboard; name = Base; path = Base.lproj/LaunchScreen.storyboard; sourceTree = "<group>"; };
		9BD6089624752C170031D0F5 /* Info.plist */ = {isa = PBXFileReference; lastKnownFileType = text.plist.xml; path = Info.plist; sourceTree = "<group>"; };
		9BF0C091247E3C4500B699B8 /* UIColor+toRgb.swift */ = {isa = PBXFileReference; lastKnownFileType = sourcecode.swift; path = "UIColor+toRgb.swift"; sourceTree = "<group>"; };
		9BF0C095247E5F4600B699B8 /* PaletteTableViewController.swift */ = {isa = PBXFileReference; lastKnownFileType = sourcecode.swift; path = PaletteTableViewController.swift; sourceTree = "<group>"; };
/* End PBXFileReference section */

/* Begin PBXFrameworksBuildPhase section */
		9BD6088224752C170031D0F5 /* Frameworks */ = {
			isa = PBXFrameworksBuildPhase;
			buildActionMask = 2147483647;
			files = (
			);
			runOnlyForDeploymentPostprocessing = 0;
		};
/* End PBXFrameworksBuildPhase section */

/* Begin PBXGroup section */
		9B13994D247680CF00EB1916 /* Controllers */ = {
			isa = PBXGroup;
			children = (
				9B5E8366247FDD81006F8115 /* MainMenuViewController.swift */,
				9B81AB1224863AAE007746F5 /* MyPalettesTableViewController.swift */,
				9B14D797248E4680004B2C0F /* CreateEmptyPaletteViewController.swift */,
				9BF0C095247E5F4600B699B8 /* PaletteTableViewController.swift */,
				9B5E8360247FC36D006F8115 /* ColorEditorViewController.swift */,
			);
			path = Controllers;
			sourceTree = "<group>";
		};
		9B13994E247680D700EB1916 /* Views */ = {
			isa = PBXGroup;
			children = (
				9B5E8364247FDC59006F8115 /* MainMenuInterface.swift */,
				9B5E835C247FC22A006F8115 /* ColorEditorInterface.swift */,
				9B81AB1624863B6E007746F5 /* MyPalleteCell.swift */,
				9B14D799248E4696004B2C0F /* CreateEmptyPaletteInterface.swift */,
			);
			path = Views;
			sourceTree = "<group>";
		};
		9B13994F2476815F00EB1916 /* Extensions and Helpers */ = {
			isa = PBXGroup;
			children = (
				9B5E835E247FC25D006F8115 /* UIView+anchor.swift */,
				9B729BFF2481037C00DEE24E /* UIColor+randomColor.swift */,
				9B729C012481099C00DEE24E /* UIColor+makeTextVisible.swift */,
				9B1399502476817800EB1916 /* UIColor+toHex.swift */,
				9B4307FD247D48B6000C29E2 /* UIColor+toHue.swift */,
				9B4307FF247D7A03000C29E2 /* UIColor+toCmyk.swift */,
				9BF0C091247E3C4500B699B8 /* UIColor+toRgb.swift */,
				9B2EE0A1248904CF0072955C /* UIColor+toHsb.swift */,
			);
			path = "Extensions and Helpers";
			sourceTree = "<group>";
		};
		9B501C4C248670DD006C82D6 /* Model */ = {
			isa = PBXGroup;
			children = (
				9B14D791248E43C0004B2C0F /* MyPalettes.swift */,
				9B501C4D248670EF006C82D6 /* Palette.swift */,
				9BD13E392487C1F40077428A /* ColorSettings.swift */,
				9B7C74B1248E616200151185 /* CreateEmptyPaletteDelegate.swift */,
				9B7C74B3248EA09000151185 /* AddColorDelegate.swift */,
				9B501C4F24867517006C82D6 /* MyPalettesTableViewController+dataSource.swift */,
				9B14D78F248E42AA004B2C0F /* MyPalettesTableViewController+delegate.swift */,
				9B14D793248E44C9004B2C0F /* PaletteTableViewController+dataSource.swift */,
				9B14D795248E44D4004B2C0F /* PaletteTableViewController+delegate.swift */,
				9B784283248F94B20084E6EC /* DateObtainer.swift */,
			);
			path = Model;
			sourceTree = "<group>";
		};
		9BD6087C24752C170031D0F5 = {
			isa = PBXGroup;
			children = (
				9BD6088724752C170031D0F5 /* Pickolor */,
				9BD6088624752C170031D0F5 /* Products */,
			);
			sourceTree = "<group>";
		};
		9BD6088624752C170031D0F5 /* Products */ = {
			isa = PBXGroup;
			children = (
				9BD6088524752C170031D0F5 /* Pickolor.app */,
			);
			name = Products;
			sourceTree = "<group>";
		};
		9BD6088724752C170031D0F5 /* Pickolor */ = {
			isa = PBXGroup;
			children = (
				9BD6089C24752C5F0031D0F5 /* Supporting Files */,
				9B13994F2476815F00EB1916 /* Extensions and Helpers */,
				9B501C4C248670DD006C82D6 /* Model */,
				9B13994E247680D700EB1916 /* Views */,
				9B13994D247680CF00EB1916 /* Controllers */,
				9BD6089624752C170031D0F5 /* Info.plist */,
			);
			path = Pickolor;
			sourceTree = "<group>";
		};
		9BD6089C24752C5F0031D0F5 /* Supporting Files */ = {
			isa = PBXGroup;
			children = (
				9BD6088824752C170031D0F5 /* AppDelegate.swift */,
				9BD6088A24752C170031D0F5 /* SceneDelegate.swift */,
				9BD6089124752C170031D0F5 /* Assets.xcassets */,
				9BD6089324752C170031D0F5 /* LaunchScreen.storyboard */,
			);
			path = "Supporting Files";
			sourceTree = "<group>";
		};
/* End PBXGroup section */

/* Begin PBXNativeTarget section */
		9BD6088424752C170031D0F5 /* Pickolor */ = {
			isa = PBXNativeTarget;
			buildConfigurationList = 9BD6089924752C170031D0F5 /* Build configuration list for PBXNativeTarget "Pickolor" */;
			buildPhases = (
				9BD6088124752C170031D0F5 /* Sources */,
				9BD6088224752C170031D0F5 /* Frameworks */,
				9BD6088324752C170031D0F5 /* Resources */,
			);
			buildRules = (
			);
			dependencies = (
			);
			name = Pickolor;
			productName = Pickolor;
			productReference = 9BD6088524752C170031D0F5 /* Pickolor.app */;
			productType = "com.apple.product-type.application";
		};
/* End PBXNativeTarget section */

/* Begin PBXProject section */
		9BD6087D24752C170031D0F5 /* Project object */ = {
			isa = PBXProject;
			attributes = {
				LastSwiftUpdateCheck = 1120;
				LastUpgradeCheck = 1120;
				ORGANIZATIONNAME = jagiello.com;
				TargetAttributes = {
					9BD6088424752C170031D0F5 = {
						CreatedOnToolsVersion = 11.2.1;
					};
				};
			};
			buildConfigurationList = 9BD6088024752C170031D0F5 /* Build configuration list for PBXProject "Pickolor" */;
			compatibilityVersion = "Xcode 9.3";
			developmentRegion = en;
			hasScannedForEncodings = 0;
			knownRegions = (
				en,
				Base,
			);
			mainGroup = 9BD6087C24752C170031D0F5;
			productRefGroup = 9BD6088624752C170031D0F5 /* Products */;
			projectDirPath = "";
			projectRoot = "";
			targets = (
				9BD6088424752C170031D0F5 /* Pickolor */,
			);
		};
/* End PBXProject section */

/* Begin PBXResourcesBuildPhase section */
		9BD6088324752C170031D0F5 /* Resources */ = {
			isa = PBXResourcesBuildPhase;
			buildActionMask = 2147483647;
			files = (
				9BD6089524752C170031D0F5 /* LaunchScreen.storyboard in Resources */,
				9BD6089224752C170031D0F5 /* Assets.xcassets in Resources */,
			);
			runOnlyForDeploymentPostprocessing = 0;
		};
/* End PBXResourcesBuildPhase section */

/* Begin PBXSourcesBuildPhase section */
		9BD6088124752C170031D0F5 /* Sources */ = {
			isa = PBXSourcesBuildPhase;
			buildActionMask = 2147483647;
			files = (
				9B14D796248E44D4004B2C0F /* PaletteTableViewController+delegate.swift in Sources */,
				9B501C4E248670EF006C82D6 /* Palette.swift in Sources */,
				9B5E8367247FDD81006F8115 /* MainMenuViewController.swift in Sources */,
				9B14D798248E4680004B2C0F /* CreateEmptyPaletteViewController.swift in Sources */,
				9B784284248F94B20084E6EC /* DateObtainer.swift in Sources */,
				9B4307FE247D48B6000C29E2 /* UIColor+toHue.swift in Sources */,
				9B81AB1324863AAE007746F5 /* MyPalettesTableViewController.swift in Sources */,
				9B729C002481037C00DEE24E /* UIColor+randomColor.swift in Sources */,
				9B501C5024867517006C82D6 /* MyPalettesTableViewController+dataSource.swift in Sources */,
				9B14D794248E44C9004B2C0F /* PaletteTableViewController+dataSource.swift in Sources */,
				9B14D79A248E4696004B2C0F /* CreateEmptyPaletteInterface.swift in Sources */,
				9B5E835F247FC25D006F8115 /* UIView+anchor.swift in Sources */,
				9B430800247D7A03000C29E2 /* UIColor+toCmyk.swift in Sources */,
				9B7C74B2248E616200151185 /* CreateEmptyPaletteDelegate.swift in Sources */,
				9BD13E3A2487C1F40077428A /* ColorSettings.swift in Sources */,
				9BD6088924752C170031D0F5 /* AppDelegate.swift in Sources */,
				9B2EE0A2248904CF0072955C /* UIColor+toHsb.swift in Sources */,
				9B14D790248E42AA004B2C0F /* MyPalettesTableViewController+delegate.swift in Sources */,
				9B1399512476817800EB1916 /* UIColor+toHex.swift in Sources */,
				9BF0C096247E5F4600B699B8 /* PaletteTableViewController.swift in Sources */,
				9BF0C092247E3C4500B699B8 /* UIColor+toRgb.swift in Sources */,
				9B5E8365247FDC59006F8115 /* MainMenuInterface.swift in Sources */,
				9B81AB1724863B6E007746F5 /* MyPalleteCell.swift in Sources */,
				9B5E835D247FC22A006F8115 /* ColorEditorInterface.swift in Sources */,
				9B5E8361247FC36D006F8115 /* ColorEditorViewController.swift in Sources */,
				9B7C74B4248EA09000151185 /* AddColorDelegate.swift in Sources */,
				9BD6088B24752C170031D0F5 /* SceneDelegate.swift in Sources */,
				9B729C022481099C00DEE24E /* UIColor+makeTextVisible.swift in Sources */,
				9B14D792248E43C0004B2C0F /* MyPalettes.swift in Sources */,
			);
			runOnlyForDeploymentPostprocessing = 0;
		};
/* End PBXSourcesBuildPhase section */

/* Begin PBXVariantGroup section */
		9BD6089324752C170031D0F5 /* LaunchScreen.storyboard */ = {
			isa = PBXVariantGroup;
			children = (
				9BD6089424752C170031D0F5 /* Base */,
			);
			name = LaunchScreen.storyboard;
			sourceTree = "<group>";
		};
/* End PBXVariantGroup section */

/* Begin XCBuildConfiguration section */
		9BD6089724752C170031D0F5 /* Debug */ = {
			isa = XCBuildConfiguration;
			buildSettings = {
				ALWAYS_SEARCH_USER_PATHS = NO;
				CLANG_ANALYZER_NONNULL = YES;
				CLANG_ANALYZER_NUMBER_OBJECT_CONVERSION = YES_AGGRESSIVE;
				CLANG_CXX_LANGUAGE_STANDARD = "gnu++14";
				CLANG_CXX_LIBRARY = "libc++";
				CLANG_ENABLE_MODULES = YES;
				CLANG_ENABLE_OBJC_ARC = YES;
				CLANG_ENABLE_OBJC_WEAK = YES;
				CLANG_WARN_BLOCK_CAPTURE_AUTORELEASING = YES;
				CLANG_WARN_BOOL_CONVERSION = YES;
				CLANG_WARN_COMMA = YES;
				CLANG_WARN_CONSTANT_CONVERSION = YES;
				CLANG_WARN_DEPRECATED_OBJC_IMPLEMENTATIONS = YES;
				CLANG_WARN_DIRECT_OBJC_ISA_USAGE = YES_ERROR;
				CLANG_WARN_DOCUMENTATION_COMMENTS = YES;
				CLANG_WARN_EMPTY_BODY = YES;
				CLANG_WARN_ENUM_CONVERSION = YES;
				CLANG_WARN_INFINITE_RECURSION = YES;
				CLANG_WARN_INT_CONVERSION = YES;
				CLANG_WARN_NON_LITERAL_NULL_CONVERSION = YES;
				CLANG_WARN_OBJC_IMPLICIT_RETAIN_SELF = YES;
				CLANG_WARN_OBJC_LITERAL_CONVERSION = YES;
				CLANG_WARN_OBJC_ROOT_CLASS = YES_ERROR;
				CLANG_WARN_RANGE_LOOP_ANALYSIS = YES;
				CLANG_WARN_STRICT_PROTOTYPES = YES;
				CLANG_WARN_SUSPICIOUS_MOVE = YES;
				CLANG_WARN_UNGUARDED_AVAILABILITY = YES_AGGRESSIVE;
				CLANG_WARN_UNREACHABLE_CODE = YES;
				CLANG_WARN__DUPLICATE_METHOD_MATCH = YES;
				COPY_PHASE_STRIP = NO;
				DEBUG_INFORMATION_FORMAT = dwarf;
				ENABLE_STRICT_OBJC_MSGSEND = YES;
				ENABLE_TESTABILITY = YES;
				GCC_C_LANGUAGE_STANDARD = gnu11;
				GCC_DYNAMIC_NO_PIC = NO;
				GCC_NO_COMMON_BLOCKS = YES;
				GCC_OPTIMIZATION_LEVEL = 0;
				GCC_PREPROCESSOR_DEFINITIONS = (
					"DEBUG=1",
					"$(inherited)",
				);
				GCC_WARN_64_TO_32_BIT_CONVERSION = YES;
				GCC_WARN_ABOUT_RETURN_TYPE = YES_ERROR;
				GCC_WARN_UNDECLARED_SELECTOR = YES;
				GCC_WARN_UNINITIALIZED_AUTOS = YES_AGGRESSIVE;
				GCC_WARN_UNUSED_FUNCTION = YES;
				GCC_WARN_UNUSED_VARIABLE = YES;
				IPHONEOS_DEPLOYMENT_TARGET = 13.2;
				MTL_ENABLE_DEBUG_INFO = INCLUDE_SOURCE;
				MTL_FAST_MATH = YES;
				ONLY_ACTIVE_ARCH = YES;
				SDKROOT = iphoneos;
				SWIFT_ACTIVE_COMPILATION_CONDITIONS = DEBUG;
				SWIFT_OPTIMIZATION_LEVEL = "-Onone";
			};
			name = Debug;
		};
		9BD6089824752C170031D0F5 /* Release */ = {
			isa = XCBuildConfiguration;
			buildSettings = {
				ALWAYS_SEARCH_USER_PATHS = NO;
				CLANG_ANALYZER_NONNULL = YES;
				CLANG_ANALYZER_NUMBER_OBJECT_CONVERSION = YES_AGGRESSIVE;
				CLANG_CXX_LANGUAGE_STANDARD = "gnu++14";
				CLANG_CXX_LIBRARY = "libc++";
				CLANG_ENABLE_MODULES = YES;
				CLANG_ENABLE_OBJC_ARC = YES;
				CLANG_ENABLE_OBJC_WEAK = YES;
				CLANG_WARN_BLOCK_CAPTURE_AUTORELEASING = YES;
				CLANG_WARN_BOOL_CONVERSION = YES;
				CLANG_WARN_COMMA = YES;
				CLANG_WARN_CONSTANT_CONVERSION = YES;
				CLANG_WARN_DEPRECATED_OBJC_IMPLEMENTATIONS = YES;
				CLANG_WARN_DIRECT_OBJC_ISA_USAGE = YES_ERROR;
				CLANG_WARN_DOCUMENTATION_COMMENTS = YES;
				CLANG_WARN_EMPTY_BODY = YES;
				CLANG_WARN_ENUM_CONVERSION = YES;
				CLANG_WARN_INFINITE_RECURSION = YES;
				CLANG_WARN_INT_CONVERSION = YES;
				CLANG_WARN_NON_LITERAL_NULL_CONVERSION = YES;
				CLANG_WARN_OBJC_IMPLICIT_RETAIN_SELF = YES;
				CLANG_WARN_OBJC_LITERAL_CONVERSION = YES;
				CLANG_WARN_OBJC_ROOT_CLASS = YES_ERROR;
				CLANG_WARN_RANGE_LOOP_ANALYSIS = YES;
				CLANG_WARN_STRICT_PROTOTYPES = YES;
				CLANG_WARN_SUSPICIOUS_MOVE = YES;
				CLANG_WARN_UNGUARDED_AVAILABILITY = YES_AGGRESSIVE;
				CLANG_WARN_UNREACHABLE_CODE = YES;
				CLANG_WARN__DUPLICATE_METHOD_MATCH = YES;
				COPY_PHASE_STRIP = NO;
				DEBUG_INFORMATION_FORMAT = "dwarf-with-dsym";
				ENABLE_NS_ASSERTIONS = NO;
				ENABLE_STRICT_OBJC_MSGSEND = YES;
				GCC_C_LANGUAGE_STANDARD = gnu11;
				GCC_NO_COMMON_BLOCKS = YES;
				GCC_WARN_64_TO_32_BIT_CONVERSION = YES;
				GCC_WARN_ABOUT_RETURN_TYPE = YES_ERROR;
				GCC_WARN_UNDECLARED_SELECTOR = YES;
				GCC_WARN_UNINITIALIZED_AUTOS = YES_AGGRESSIVE;
				GCC_WARN_UNUSED_FUNCTION = YES;
				GCC_WARN_UNUSED_VARIABLE = YES;
				IPHONEOS_DEPLOYMENT_TARGET = 13.2;
				MTL_ENABLE_DEBUG_INFO = NO;
				MTL_FAST_MATH = YES;
				SDKROOT = iphoneos;
				SWIFT_COMPILATION_MODE = wholemodule;
				SWIFT_OPTIMIZATION_LEVEL = "-O";
				VALIDATE_PRODUCT = YES;
			};
			name = Release;
		};
		9BD6089A24752C170031D0F5 /* Debug */ = {
			isa = XCBuildConfiguration;
			buildSettings = {
				ASSETCATALOG_COMPILER_APPICON_NAME = AppIcon;
				CODE_SIGN_STYLE = Automatic;
				DEVELOPMENT_TEAM = ZVP65B2B4J;
				INFOPLIST_FILE = Pickolor/Info.plist;
				LD_RUNPATH_SEARCH_PATHS = (
					"$(inherited)",
					"@executable_path/Frameworks",
				);
				PRODUCT_BUNDLE_IDENTIFIER = com.jagiello.Pickolor;
				PRODUCT_NAME = "$(TARGET_NAME)";
				SWIFT_VERSION = 5.0;
				TARGETED_DEVICE_FAMILY = "1,2";
			};
			name = Debug;
		};
		9BD6089B24752C170031D0F5 /* Release */ = {
			isa = XCBuildConfiguration;
			buildSettings = {
				ASSETCATALOG_COMPILER_APPICON_NAME = AppIcon;
				CODE_SIGN_STYLE = Automatic;
				DEVELOPMENT_TEAM = ZVP65B2B4J;
				INFOPLIST_FILE = Pickolor/Info.plist;
				LD_RUNPATH_SEARCH_PATHS = (
					"$(inherited)",
					"@executable_path/Frameworks",
				);
				PRODUCT_BUNDLE_IDENTIFIER = com.jagiello.Pickolor;
				PRODUCT_NAME = "$(TARGET_NAME)";
				SWIFT_VERSION = 5.0;
				TARGETED_DEVICE_FAMILY = "1,2";
			};
			name = Release;
		};
/* End XCBuildConfiguration section */

/* Begin XCConfigurationList section */
		9BD6088024752C170031D0F5 /* Build configuration list for PBXProject "Pickolor" */ = {
			isa = XCConfigurationList;
			buildConfigurations = (
				9BD6089724752C170031D0F5 /* Debug */,
				9BD6089824752C170031D0F5 /* Release */,
			);
			defaultConfigurationIsVisible = 0;
			defaultConfigurationName = Release;
		};
		9BD6089924752C170031D0F5 /* Build configuration list for PBXNativeTarget "Pickolor" */ = {
			isa = XCConfigurationList;
			buildConfigurations = (
				9BD6089A24752C170031D0F5 /* Debug */,
				9BD6089B24752C170031D0F5 /* Release */,
			);
			defaultConfigurationIsVisible = 0;
			defaultConfigurationName = Release;
		};
/* End XCConfigurationList section */
	};
	rootObject = 9BD6087D24752C170031D0F5 /* Project object */;
}
